{
  "requires": true,
  "lockfileVersion": 1,
  "dependencies": {
    "@emmetio/codemirror-plugin": {
      "version": "1.2.4",
      "resolved": "https://registry.npmjs.org/@emmetio/codemirror-plugin/-/codemirror-plugin-1.2.4.tgz",
      "integrity": "sha512-wVw2gqI6X+uVWYVRtTVymzTgbo4hEZIcPCNj4xrXw4l/+L3Qa+tAC/yf+Xy9nenRPCqRq0RLqGiQL+Qf/wYE9Q=="
    },
    "codemirror-colorpicker": {
      "version": "1.9.80",
      "resolved": "https://registry.npmjs.org/codemirror-colorpicker/-/codemirror-colorpicker-1.9.80.tgz",
      "integrity": "sha512-7lGqNxf5haBJXLnVR1ynPiPkN2d1Whm0jdy8Z9QsSOhRWVyK2C2ihgm1dX4DCks57ht/jKMdpL9lYv+zAphxWQ=="
    }
  }
}
